// !$*UTF8*$!
{
	archiveVersion = 1;
	classes = {
	};
	objectVersion = 50;
	objects = {

/* Begin PBXBuildFile section */
		05A6670E1B7383786F4309F5 /* Pods_BabysitterUITests.framework in Frameworks */ = {isa = PBXBuildFile; fileRef = 086A4576F1E299EFF192A772 /* Pods_BabysitterUITests.framework */; };
		113D7B54214D497A001FFAD3 /* TimeTableViewCell.swift in Sources */ = {isa = PBXBuildFile; fileRef = 113D7B53214D497A001FFAD3 /* TimeTableViewCell.swift */; };
		113D7B55214D497A001FFAD3 /* TimeTableViewCell.swift in Sources */ = {isa = PBXBuildFile; fileRef = 113D7B53214D497A001FFAD3 /* TimeTableViewCell.swift */; };
		113D7B56214D497A001FFAD3 /* TimeTableViewCell.swift in Sources */ = {isa = PBXBuildFile; fileRef = 113D7B53214D497A001FFAD3 /* TimeTableViewCell.swift */; };
		113D7B58214D6849001FFAD3 /* ActionTableViewCell.swift in Sources */ = {isa = PBXBuildFile; fileRef = 113D7B57214D6849001FFAD3 /* ActionTableViewCell.swift */; };
		113D7B59214D6849001FFAD3 /* ActionTableViewCell.swift in Sources */ = {isa = PBXBuildFile; fileRef = 113D7B57214D6849001FFAD3 /* ActionTableViewCell.swift */; };
		113D7B5A214D6849001FFAD3 /* ActionTableViewCell.swift in Sources */ = {isa = PBXBuildFile; fileRef = 113D7B57214D6849001FFAD3 /* ActionTableViewCell.swift */; };
		113D7B5D214D7F1A001FFAD3 /* WorkModel+CoreDataClass.swift in Sources */ = {isa = PBXBuildFile; fileRef = 113D7B5B214D7F1A001FFAD3 /* WorkModel+CoreDataClass.swift */; };
		113D7B5E214D7F1A001FFAD3 /* WorkModel+CoreDataClass.swift in Sources */ = {isa = PBXBuildFile; fileRef = 113D7B5B214D7F1A001FFAD3 /* WorkModel+CoreDataClass.swift */; };
		113D7B5F214D7F1A001FFAD3 /* WorkModel+CoreDataClass.swift in Sources */ = {isa = PBXBuildFile; fileRef = 113D7B5B214D7F1A001FFAD3 /* WorkModel+CoreDataClass.swift */; };
		113D7B60214D7F1A001FFAD3 /* WorkModel+CoreDataProperties.swift in Sources */ = {isa = PBXBuildFile; fileRef = 113D7B5C214D7F1A001FFAD3 /* WorkModel+CoreDataProperties.swift */; };
		113D7B61214D7F1A001FFAD3 /* WorkModel+CoreDataProperties.swift in Sources */ = {isa = PBXBuildFile; fileRef = 113D7B5C214D7F1A001FFAD3 /* WorkModel+CoreDataProperties.swift */; };
		113D7B62214D7F1A001FFAD3 /* WorkModel+CoreDataProperties.swift in Sources */ = {isa = PBXBuildFile; fileRef = 113D7B5C214D7F1A001FFAD3 /* WorkModel+CoreDataProperties.swift */; };
		113D7B65214D92FD001FFAD3 /* CoreDataAPI.swift in Sources */ = {isa = PBXBuildFile; fileRef = 113D7B64214D92FD001FFAD3 /* CoreDataAPI.swift */; };
		113D7B66214D92FD001FFAD3 /* CoreDataAPI.swift in Sources */ = {isa = PBXBuildFile; fileRef = 113D7B64214D92FD001FFAD3 /* CoreDataAPI.swift */; };
		113D7B67214D92FD001FFAD3 /* CoreDataAPI.swift in Sources */ = {isa = PBXBuildFile; fileRef = 113D7B64214D92FD001FFAD3 /* CoreDataAPI.swift */; };
		115FFEDF214C47EF00FDB8B0 /* AppDelegate.swift in Sources */ = {isa = PBXBuildFile; fileRef = 115FFEDE214C47EF00FDB8B0 /* AppDelegate.swift */; };
		115FFEE4214C47EF00FDB8B0 /* Main.storyboard in Resources */ = {isa = PBXBuildFile; fileRef = 115FFEE2214C47EF00FDB8B0 /* Main.storyboard */; };
		115FFEE6214C47F000FDB8B0 /* Assets.xcassets in Resources */ = {isa = PBXBuildFile; fileRef = 115FFEE5214C47F000FDB8B0 /* Assets.xcassets */; };
		115FFEE9214C47F000FDB8B0 /* LaunchScreen.storyboard in Resources */ = {isa = PBXBuildFile; fileRef = 115FFEE7214C47F000FDB8B0 /* LaunchScreen.storyboard */; };
		115FFEF4214C47F000FDB8B0 /* BabysitterTests.swift in Sources */ = {isa = PBXBuildFile; fileRef = 115FFEF3214C47F000FDB8B0 /* BabysitterTests.swift */; };
		115FFEFF214C47F000FDB8B0 /* BabysitterUITests.swift in Sources */ = {isa = PBXBuildFile; fileRef = 115FFEFE214C47F000FDB8B0 /* BabysitterUITests.swift */; };
		115FFF10214C4C9B00FDB8B0 /* CalendarViewModel.swift in Sources */ = {isa = PBXBuildFile; fileRef = 115FFF0F214C4C9B00FDB8B0 /* CalendarViewModel.swift */; };
		115FFF1D214C637F00FDB8B0 /* Babysitter.xcdatamodeld in Sources */ = {isa = PBXBuildFile; fileRef = 115FFF1B214C637F00FDB8B0 /* Babysitter.xcdatamodeld */; };
		115FFF1E214C637F00FDB8B0 /* Babysitter.xcdatamodeld in Sources */ = {isa = PBXBuildFile; fileRef = 115FFF1B214C637F00FDB8B0 /* Babysitter.xcdatamodeld */; };
		115FFF1F214C637F00FDB8B0 /* Babysitter.xcdatamodeld in Sources */ = {isa = PBXBuildFile; fileRef = 115FFF1B214C637F00FDB8B0 /* Babysitter.xcdatamodeld */; };
		115FFF22214C90A300FDB8B0 /* CalendarViewController.swift in Sources */ = {isa = PBXBuildFile; fileRef = 115FFF21214C90A300FDB8B0 /* CalendarViewController.swift */; };
		B54BE72AEE0CAFFC18CDA400 /* Pods_BabysitterTests.framework in Frameworks */ = {isa = PBXBuildFile; fileRef = D6DF7CEE682BE9CC0ECAABBE /* Pods_BabysitterTests.framework */; };
		DEE5BAEBF121B680CF40E984 /* Pods_Babysitter.framework in Frameworks */ = {isa = PBXBuildFile; fileRef = D01549C7A028C973024ADE2C /* Pods_Babysitter.framework */; };
/* End PBXBuildFile section */

/* Begin PBXContainerItemProxy section */
		115FFEF0214C47F000FDB8B0 /* PBXContainerItemProxy */ = {
			isa = PBXContainerItemProxy;
			containerPortal = 115FFED3214C47EF00FDB8B0 /* Project object */;
			proxyType = 1;
			remoteGlobalIDString = 115FFEDA214C47EF00FDB8B0;
			remoteInfo = Babysitter;
		};
		115FFEFB214C47F000FDB8B0 /* PBXContainerItemProxy */ = {
			isa = PBXContainerItemProxy;
			containerPortal = 115FFED3214C47EF00FDB8B0 /* Project object */;
			proxyType = 1;
			remoteGlobalIDString = 115FFEDA214C47EF00FDB8B0;
			remoteInfo = Babysitter;
		};
/* End PBXContainerItemProxy section */

/* Begin PBXFileReference section */
		086A4576F1E299EFF192A772 /* Pods_BabysitterUITests.framework */ = {isa = PBXFileReference; explicitFileType = wrapper.framework; includeInIndex = 0; path = Pods_BabysitterUITests.framework; sourceTree = BUILT_PRODUCTS_DIR; };
		113D7B53214D497A001FFAD3 /* TimeTableViewCell.swift */ = {isa = PBXFileReference; lastKnownFileType = sourcecode.swift; path = TimeTableViewCell.swift; sourceTree = "<group>"; };
		113D7B57214D6849001FFAD3 /* ActionTableViewCell.swift */ = {isa = PBXFileReference; lastKnownFileType = sourcecode.swift; path = ActionTableViewCell.swift; sourceTree = "<group>"; };
		113D7B5B214D7F1A001FFAD3 /* WorkModel+CoreDataClass.swift */ = {isa = PBXFileReference; lastKnownFileType = sourcecode.swift; path = "WorkModel+CoreDataClass.swift"; sourceTree = "<group>"; };
		113D7B5C214D7F1A001FFAD3 /* WorkModel+CoreDataProperties.swift */ = {isa = PBXFileReference; lastKnownFileType = sourcecode.swift; path = "WorkModel+CoreDataProperties.swift"; sourceTree = "<group>"; };
		113D7B64214D92FD001FFAD3 /* CoreDataAPI.swift */ = {isa = PBXFileReference; lastKnownFileType = sourcecode.swift; path = CoreDataAPI.swift; sourceTree = "<group>"; };
		115FFEDB214C47EF00FDB8B0 /* Babysitter.app */ = {isa = PBXFileReference; explicitFileType = wrapper.application; includeInIndex = 0; path = Babysitter.app; sourceTree = BUILT_PRODUCTS_DIR; };
		115FFEDE214C47EF00FDB8B0 /* AppDelegate.swift */ = {isa = PBXFileReference; lastKnownFileType = sourcecode.swift; path = AppDelegate.swift; sourceTree = "<group>"; };
		115FFEE3214C47EF00FDB8B0 /* Base */ = {isa = PBXFileReference; lastKnownFileType = file.storyboard; name = Base; path = Base.lproj/Main.storyboard; sourceTree = "<group>"; };
		115FFEE5214C47F000FDB8B0 /* Assets.xcassets */ = {isa = PBXFileReference; lastKnownFileType = folder.assetcatalog; path = Assets.xcassets; sourceTree = "<group>"; };
		115FFEE8214C47F000FDB8B0 /* Base */ = {isa = PBXFileReference; lastKnownFileType = file.storyboard; name = Base; path = Base.lproj/LaunchScreen.storyboard; sourceTree = "<group>"; };
		115FFEEA214C47F000FDB8B0 /* Info.plist */ = {isa = PBXFileReference; lastKnownFileType = text.plist.xml; path = Info.plist; sourceTree = "<group>"; };
		115FFEEF214C47F000FDB8B0 /* BabysitterTests.xctest */ = {isa = PBXFileReference; explicitFileType = wrapper.cfbundle; includeInIndex = 0; path = BabysitterTests.xctest; sourceTree = BUILT_PRODUCTS_DIR; };
		115FFEF3214C47F000FDB8B0 /* BabysitterTests.swift */ = {isa = PBXFileReference; lastKnownFileType = sourcecode.swift; path = BabysitterTests.swift; sourceTree = "<group>"; };
		115FFEF5214C47F000FDB8B0 /* Info.plist */ = {isa = PBXFileReference; lastKnownFileType = text.plist.xml; path = Info.plist; sourceTree = "<group>"; };
		115FFEFA214C47F000FDB8B0 /* BabysitterUITests.xctest */ = {isa = PBXFileReference; explicitFileType = wrapper.cfbundle; includeInIndex = 0; path = BabysitterUITests.xctest; sourceTree = BUILT_PRODUCTS_DIR; };
		115FFEFE214C47F000FDB8B0 /* BabysitterUITests.swift */ = {isa = PBXFileReference; lastKnownFileType = sourcecode.swift; path = BabysitterUITests.swift; sourceTree = "<group>"; };
		115FFF00214C47F000FDB8B0 /* Info.plist */ = {isa = PBXFileReference; lastKnownFileType = text.plist.xml; path = Info.plist; sourceTree = "<group>"; };
		115FFF0F214C4C9B00FDB8B0 /* CalendarViewModel.swift */ = {isa = PBXFileReference; lastKnownFileType = sourcecode.swift; path = CalendarViewModel.swift; sourceTree = "<group>"; };
		115FFF1C214C637F00FDB8B0 /* Babysitter.xcdatamodel */ = {isa = PBXFileReference; lastKnownFileType = wrapper.xcdatamodel; path = Babysitter.xcdatamodel; sourceTree = "<group>"; };
		115FFF21214C90A300FDB8B0 /* CalendarViewController.swift */ = {isa = PBXFileReference; lastKnownFileType = sourcecode.swift; path = CalendarViewController.swift; sourceTree = "<group>"; };
		34FE6BEBE1FDB77C250957A9 /* Pods-BabysitterUITests.debug.xcconfig */ = {isa = PBXFileReference; includeInIndex = 1; lastKnownFileType = text.xcconfig; name = "Pods-BabysitterUITests.debug.xcconfig"; path = "Pods/Target Support Files/Pods-BabysitterUITests/Pods-BabysitterUITests.debug.xcconfig"; sourceTree = "<group>"; };
		416D6C4140D3B0922734BD0B /* Pods-Babysitter.debug.xcconfig */ = {isa = PBXFileReference; includeInIndex = 1; lastKnownFileType = text.xcconfig; name = "Pods-Babysitter.debug.xcconfig"; path = "Pods/Target Support Files/Pods-Babysitter/Pods-Babysitter.debug.xcconfig"; sourceTree = "<group>"; };
		5A02FA3BB30C9A082D4A0202 /* Pods-BabysitterUITests.release.xcconfig */ = {isa = PBXFileReference; includeInIndex = 1; lastKnownFileType = text.xcconfig; name = "Pods-BabysitterUITests.release.xcconfig"; path = "Pods/Target Support Files/Pods-BabysitterUITests/Pods-BabysitterUITests.release.xcconfig"; sourceTree = "<group>"; };
		6870A3EB851073A6D53E9BBB /* Pods-BabysitterTests.release.xcconfig */ = {isa = PBXFileReference; includeInIndex = 1; lastKnownFileType = text.xcconfig; name = "Pods-BabysitterTests.release.xcconfig"; path = "Pods/Target Support Files/Pods-BabysitterTests/Pods-BabysitterTests.release.xcconfig"; sourceTree = "<group>"; };
		8969E5278A9AD92B3A90C8D1 /* Pods-Babysitter.release.xcconfig */ = {isa = PBXFileReference; includeInIndex = 1; lastKnownFileType = text.xcconfig; name = "Pods-Babysitter.release.xcconfig"; path = "Pods/Target Support Files/Pods-Babysitter/Pods-Babysitter.release.xcconfig"; sourceTree = "<group>"; };
		D01549C7A028C973024ADE2C /* Pods_Babysitter.framework */ = {isa = PBXFileReference; explicitFileType = wrapper.framework; includeInIndex = 0; path = Pods_Babysitter.framework; sourceTree = BUILT_PRODUCTS_DIR; };
		D6DF7CEE682BE9CC0ECAABBE /* Pods_BabysitterTests.framework */ = {isa = PBXFileReference; explicitFileType = wrapper.framework; includeInIndex = 0; path = Pods_BabysitterTests.framework; sourceTree = BUILT_PRODUCTS_DIR; };
		DE11DB511F04C567F65338A7 /* Pods-BabysitterTests.debug.xcconfig */ = {isa = PBXFileReference; includeInIndex = 1; lastKnownFileType = text.xcconfig; name = "Pods-BabysitterTests.debug.xcconfig"; path = "Pods/Target Support Files/Pods-BabysitterTests/Pods-BabysitterTests.debug.xcconfig"; sourceTree = "<group>"; };
/* End PBXFileReference section */

/* Begin PBXFrameworksBuildPhase section */
		115FFED8214C47EF00FDB8B0 /* Frameworks */ = {
			isa = PBXFrameworksBuildPhase;
			buildActionMask = 2147483647;
			files = (
				DEE5BAEBF121B680CF40E984 /* Pods_Babysitter.framework in Frameworks */,
			);
			runOnlyForDeploymentPostprocessing = 0;
		};
		115FFEEC214C47F000FDB8B0 /* Frameworks */ = {
			isa = PBXFrameworksBuildPhase;
			buildActionMask = 2147483647;
			files = (
				B54BE72AEE0CAFFC18CDA400 /* Pods_BabysitterTests.framework in Frameworks */,
			);
			runOnlyForDeploymentPostprocessing = 0;
		};
		115FFEF7214C47F000FDB8B0 /* Frameworks */ = {
			isa = PBXFrameworksBuildPhase;
			buildActionMask = 2147483647;
			files = (
				05A6670E1B7383786F4309F5 /* Pods_BabysitterUITests.framework in Frameworks */,
			);
			runOnlyForDeploymentPostprocessing = 0;
		};
/* End PBXFrameworksBuildPhase section */

/* Begin PBXGroup section */
		113D7B63214D92E2001FFAD3 /* API */ = {
			isa = PBXGroup;
			children = (
				113D7B64214D92FD001FFAD3 /* CoreDataAPI.swift */,
			);
			path = API;
			sourceTree = "<group>";
		};
		115FFED2214C47EF00FDB8B0 = {
			isa = PBXGroup;
			children = (
				115FFEDD214C47EF00FDB8B0 /* Babysitter */,
				115FFEF2214C47F000FDB8B0 /* BabysitterTests */,
				115FFEFD214C47F000FDB8B0 /* BabysitterUITests */,
				115FFEDC214C47EF00FDB8B0 /* Products */,
				40EFD5DFB6927736E8BED185 /* Pods */,
				4922D2D24CBCC1E2FEB6453C /* Frameworks */,
			);
			sourceTree = "<group>";
		};
		115FFEDC214C47EF00FDB8B0 /* Products */ = {
			isa = PBXGroup;
			children = (
				115FFEDB214C47EF00FDB8B0 /* Babysitter.app */,
				115FFEEF214C47F000FDB8B0 /* BabysitterTests.xctest */,
				115FFEFA214C47F000FDB8B0 /* BabysitterUITests.xctest */,
			);
			name = Products;
			sourceTree = "<group>";
		};
		115FFEDD214C47EF00FDB8B0 /* Babysitter */ = {
			isa = PBXGroup;
			children = (
				113D7B63214D92E2001FFAD3 /* API */,
				115FFF0C214C4C7300FDB8B0 /* Calendar */,
				115FFF1A214C635F00FDB8B0 /* Model */,
				115FFEDE214C47EF00FDB8B0 /* AppDelegate.swift */,
				115FFEE2214C47EF00FDB8B0 /* Main.storyboard */,
				115FFEE5214C47F000FDB8B0 /* Assets.xcassets */,
				115FFEE7214C47F000FDB8B0 /* LaunchScreen.storyboard */,
				115FFEEA214C47F000FDB8B0 /* Info.plist */,
			);
			path = Babysitter;
			sourceTree = "<group>";
		};
		115FFEF2214C47F000FDB8B0 /* BabysitterTests */ = {
			isa = PBXGroup;
			children = (
				115FFEF3214C47F000FDB8B0 /* BabysitterTests.swift */,
				115FFEF5214C47F000FDB8B0 /* Info.plist */,
			);
			path = BabysitterTests;
			sourceTree = "<group>";
		};
		115FFEFD214C47F000FDB8B0 /* BabysitterUITests */ = {
			isa = PBXGroup;
			children = (
				115FFEFE214C47F000FDB8B0 /* BabysitterUITests.swift */,
				115FFF00214C47F000FDB8B0 /* Info.plist */,
			);
			path = BabysitterUITests;
			sourceTree = "<group>";
		};
		115FFF0C214C4C7300FDB8B0 /* Calendar */ = {
			isa = PBXGroup;
			children = (
				113D7B57214D6849001FFAD3 /* ActionTableViewCell.swift */,
				115FFF21214C90A300FDB8B0 /* CalendarViewController.swift */,
				115FFF0F214C4C9B00FDB8B0 /* CalendarViewModel.swift */,
				113D7B53214D497A001FFAD3 /* TimeTableViewCell.swift */,
			);
			path = Calendar;
			sourceTree = "<group>";
		};
		115FFF1A214C635F00FDB8B0 /* Model */ = {
			isa = PBXGroup;
			children = (
				113D7B5B214D7F1A001FFAD3 /* WorkModel+CoreDataClass.swift */,
				113D7B5C214D7F1A001FFAD3 /* WorkModel+CoreDataProperties.swift */,
				115FFF1B214C637F00FDB8B0 /* Babysitter.xcdatamodeld */,
			);
			path = Model;
			sourceTree = "<group>";
		};
		40EFD5DFB6927736E8BED185 /* Pods */ = {
			isa = PBXGroup;
			children = (
				416D6C4140D3B0922734BD0B /* Pods-Babysitter.debug.xcconfig */,
				8969E5278A9AD92B3A90C8D1 /* Pods-Babysitter.release.xcconfig */,
				DE11DB511F04C567F65338A7 /* Pods-BabysitterTests.debug.xcconfig */,
				6870A3EB851073A6D53E9BBB /* Pods-BabysitterTests.release.xcconfig */,
				34FE6BEBE1FDB77C250957A9 /* Pods-BabysitterUITests.debug.xcconfig */,
				5A02FA3BB30C9A082D4A0202 /* Pods-BabysitterUITests.release.xcconfig */,
			);
			name = Pods;
			sourceTree = "<group>";
		};
		4922D2D24CBCC1E2FEB6453C /* Frameworks */ = {
			isa = PBXGroup;
			children = (
				D01549C7A028C973024ADE2C /* Pods_Babysitter.framework */,
				D6DF7CEE682BE9CC0ECAABBE /* Pods_BabysitterTests.framework */,
				086A4576F1E299EFF192A772 /* Pods_BabysitterUITests.framework */,
			);
			name = Frameworks;
			sourceTree = "<group>";
		};
/* End PBXGroup section */

/* Begin PBXNativeTarget section */
		115FFEDA214C47EF00FDB8B0 /* Babysitter */ = {
			isa = PBXNativeTarget;
			buildConfigurationList = 115FFF03214C47F000FDB8B0 /* Build configuration list for PBXNativeTarget "Babysitter" */;
			buildPhases = (
				7ED88985F46C2DE7CF455BE0 /* [CP] Check Pods Manifest.lock */,
				115FFED7214C47EF00FDB8B0 /* Sources */,
				115FFED8214C47EF00FDB8B0 /* Frameworks */,
				115FFED9214C47EF00FDB8B0 /* Resources */,
				1728674A395ABBF1FBDEB450 /* [CP] Embed Pods Frameworks */,
			);
			buildRules = (
			);
			dependencies = (
			);
			name = Babysitter;
			productName = Babysitter;
			productReference = 115FFEDB214C47EF00FDB8B0 /* Babysitter.app */;
			productType = "com.apple.product-type.application";
		};
		115FFEEE214C47F000FDB8B0 /* BabysitterTests */ = {
			isa = PBXNativeTarget;
			buildConfigurationList = 115FFF06214C47F000FDB8B0 /* Build configuration list for PBXNativeTarget "BabysitterTests" */;
			buildPhases = (
				3F721C26E95170423C22B097 /* [CP] Check Pods Manifest.lock */,
				115FFEEB214C47F000FDB8B0 /* Sources */,
				115FFEEC214C47F000FDB8B0 /* Frameworks */,
				115FFEED214C47F000FDB8B0 /* Resources */,
			);
			buildRules = (
			);
			dependencies = (
				115FFEF1214C47F000FDB8B0 /* PBXTargetDependency */,
			);
			name = BabysitterTests;
			productName = BabysitterTests;
			productReference = 115FFEEF214C47F000FDB8B0 /* BabysitterTests.xctest */;
			productType = "com.apple.product-type.bundle.unit-test";
		};
		115FFEF9214C47F000FDB8B0 /* BabysitterUITests */ = {
			isa = PBXNativeTarget;
			buildConfigurationList = 115FFF09214C47F000FDB8B0 /* Build configuration list for PBXNativeTarget "BabysitterUITests" */;
			buildPhases = (
				E8478C727BF29085E8A0BDD5 /* [CP] Check Pods Manifest.lock */,
				115FFEF6214C47F000FDB8B0 /* Sources */,
				115FFEF7214C47F000FDB8B0 /* Frameworks */,
				115FFEF8214C47F000FDB8B0 /* Resources */,
			);
			buildRules = (
			);
			dependencies = (
				115FFEFC214C47F000FDB8B0 /* PBXTargetDependency */,
			);
			name = BabysitterUITests;
			productName = BabysitterUITests;
			productReference = 115FFEFA214C47F000FDB8B0 /* BabysitterUITests.xctest */;
			productType = "com.apple.product-type.bundle.ui-testing";
		};
/* End PBXNativeTarget section */

/* Begin PBXProject section */
		115FFED3214C47EF00FDB8B0 /* Project object */ = {
			isa = PBXProject;
			attributes = {
				LastSwiftUpdateCheck = 0940;
				LastUpgradeCheck = 0940;
				ORGANIZATIONNAME = "Jovito Royeca";
				TargetAttributes = {
					115FFEDA214C47EF00FDB8B0 = {
						CreatedOnToolsVersion = 9.4.1;
					};
					115FFEEE214C47F000FDB8B0 = {
						CreatedOnToolsVersion = 9.4.1;
						TestTargetID = 115FFEDA214C47EF00FDB8B0;
					};
					115FFEF9214C47F000FDB8B0 = {
						CreatedOnToolsVersion = 9.4.1;
						TestTargetID = 115FFEDA214C47EF00FDB8B0;
					};
				};
			};
			buildConfigurationList = 115FFED6214C47EF00FDB8B0 /* Build configuration list for PBXProject "Babysitter" */;
			compatibilityVersion = "Xcode 9.3";
			developmentRegion = en;
			hasScannedForEncodings = 0;
			knownRegions = (
				en,
				Base,
			);
			mainGroup = 115FFED2214C47EF00FDB8B0;
			productRefGroup = 115FFEDC214C47EF00FDB8B0 /* Products */;
			projectDirPath = "";
			projectRoot = "";
			targets = (
				115FFEDA214C47EF00FDB8B0 /* Babysitter */,
				115FFEEE214C47F000FDB8B0 /* BabysitterTests */,
				115FFEF9214C47F000FDB8B0 /* BabysitterUITests */,
			);
		};
/* End PBXProject section */

/* Begin PBXResourcesBuildPhase section */
		115FFED9214C47EF00FDB8B0 /* Resources */ = {
			isa = PBXResourcesBuildPhase;
			buildActionMask = 2147483647;
			files = (
				115FFEE9214C47F000FDB8B0 /* LaunchScreen.storyboard in Resources */,
				115FFEE6214C47F000FDB8B0 /* Assets.xcassets in Resources */,
				115FFEE4214C47EF00FDB8B0 /* Main.storyboard in Resources */,
			);
			runOnlyForDeploymentPostprocessing = 0;
		};
		115FFEED214C47F000FDB8B0 /* Resources */ = {
			isa = PBXResourcesBuildPhase;
			buildActionMask = 2147483647;
			files = (
			);
			runOnlyForDeploymentPostprocessing = 0;
		};
		115FFEF8214C47F000FDB8B0 /* Resources */ = {
			isa = PBXResourcesBuildPhase;
			buildActionMask = 2147483647;
			files = (
			);
			runOnlyForDeploymentPostprocessing = 0;
		};
/* End PBXResourcesBuildPhase section */

/* Begin PBXShellScriptBuildPhase section */
		1728674A395ABBF1FBDEB450 /* [CP] Embed Pods Frameworks */ = {
			isa = PBXShellScriptBuildPhase;
			buildActionMask = 2147483647;
			files = (
			);
			inputPaths = (
				"${SRCROOT}/Pods/Target Support Files/Pods-Babysitter/Pods-Babysitter-frameworks.sh",
				"${BUILT_PRODUCTS_DIR}/DATASource/DATASource.framework",
				"${BUILT_PRODUCTS_DIR}/DATAStack/DATAStack.framework",
				"${BUILT_PRODUCTS_DIR}/JKCalendar/JKCalendar.framework",
				"${BUILT_PRODUCTS_DIR}/JKInfinitePageView/JKInfinitePageView.framework",
				"${BUILT_PRODUCTS_DIR}/Sync/Sync.framework",
			);
			name = "[CP] Embed Pods Frameworks";
			outputPaths = (
				"${TARGET_BUILD_DIR}/${FRAMEWORKS_FOLDER_PATH}/DATASource.framework",
				"${TARGET_BUILD_DIR}/${FRAMEWORKS_FOLDER_PATH}/DATAStack.framework",
				"${TARGET_BUILD_DIR}/${FRAMEWORKS_FOLDER_PATH}/JKCalendar.framework",
				"${TARGET_BUILD_DIR}/${FRAMEWORKS_FOLDER_PATH}/JKInfinitePageView.framework",
				"${TARGET_BUILD_DIR}/${FRAMEWORKS_FOLDER_PATH}/Sync.framework",
			);
			runOnlyForDeploymentPostprocessing = 0;
			shellPath = /bin/sh;
			shellScript = "\"${SRCROOT}/Pods/Target Support Files/Pods-Babysitter/Pods-Babysitter-frameworks.sh\"\n";
			showEnvVarsInLog = 0;
		};
		3F721C26E95170423C22B097 /* [CP] Check Pods Manifest.lock */ = {
			isa = PBXShellScriptBuildPhase;
			buildActionMask = 2147483647;
			files = (
			);
			inputPaths = (
				"${PODS_PODFILE_DIR_PATH}/Podfile.lock",
				"${PODS_ROOT}/Manifest.lock",
			);
			name = "[CP] Check Pods Manifest.lock";
			outputPaths = (
				"$(DERIVED_FILE_DIR)/Pods-BabysitterTests-checkManifestLockResult.txt",
			);
			runOnlyForDeploymentPostprocessing = 0;
			shellPath = /bin/sh;
			shellScript = "diff \"${PODS_PODFILE_DIR_PATH}/Podfile.lock\" \"${PODS_ROOT}/Manifest.lock\" > /dev/null\nif [ $? != 0 ] ; then\n    # print error to STDERR\n    echo \"error: The sandbox is not in sync with the Podfile.lock. Run 'pod install' or update your CocoaPods installation.\" >&2\n    exit 1\nfi\n# This output is used by Xcode 'outputs' to avoid re-running this script phase.\necho \"SUCCESS\" > \"${SCRIPT_OUTPUT_FILE_0}\"\n";
			showEnvVarsInLog = 0;
		};
		7ED88985F46C2DE7CF455BE0 /* [CP] Check Pods Manifest.lock */ = {
			isa = PBXShellScriptBuildPhase;
			buildActionMask = 2147483647;
			files = (
			);
			inputPaths = (
				"${PODS_PODFILE_DIR_PATH}/Podfile.lock",
				"${PODS_ROOT}/Manifest.lock",
			);
			name = "[CP] Check Pods Manifest.lock";
			outputPaths = (
				"$(DERIVED_FILE_DIR)/Pods-Babysitter-checkManifestLockResult.txt",
			);
			runOnlyForDeploymentPostprocessing = 0;
			shellPath = /bin/sh;
			shellScript = "diff \"${PODS_PODFILE_DIR_PATH}/Podfile.lock\" \"${PODS_ROOT}/Manifest.lock\" > /dev/null\nif [ $? != 0 ] ; then\n    # print error to STDERR\n    echo \"error: The sandbox is not in sync with the Podfile.lock. Run 'pod install' or update your CocoaPods installation.\" >&2\n    exit 1\nfi\n# This output is used by Xcode 'outputs' to avoid re-running this script phase.\necho \"SUCCESS\" > \"${SCRIPT_OUTPUT_FILE_0}\"\n";
			showEnvVarsInLog = 0;
		};
		E8478C727BF29085E8A0BDD5 /* [CP] Check Pods Manifest.lock */ = {
			isa = PBXShellScriptBuildPhase;
			buildActionMask = 2147483647;
			files = (
			);
			inputPaths = (
				"${PODS_PODFILE_DIR_PATH}/Podfile.lock",
				"${PODS_ROOT}/Manifest.lock",
			);
			name = "[CP] Check Pods Manifest.lock";
			outputPaths = (
				"$(DERIVED_FILE_DIR)/Pods-BabysitterUITests-checkManifestLockResult.txt",
			);
			runOnlyForDeploymentPostprocessing = 0;
			shellPath = /bin/sh;
			shellScript = "diff \"${PODS_PODFILE_DIR_PATH}/Podfile.lock\" \"${PODS_ROOT}/Manifest.lock\" > /dev/null\nif [ $? != 0 ] ; then\n    # print error to STDERR\n    echo \"error: The sandbox is not in sync with the Podfile.lock. Run 'pod install' or update your CocoaPods installation.\" >&2\n    exit 1\nfi\n# This output is used by Xcode 'outputs' to avoid re-running this script phase.\necho \"SUCCESS\" > \"${SCRIPT_OUTPUT_FILE_0}\"\n";
			showEnvVarsInLog = 0;
		};
/* End PBXShellScriptBuildPhase section */

/* Begin PBXSourcesBuildPhase section */
		115FFED7214C47EF00FDB8B0 /* Sources */ = {
			isa = PBXSourcesBuildPhase;
			buildActionMask = 2147483647;
			files = (
				113D7B54214D497A001FFAD3 /* TimeTableViewCell.swift in Sources */,
				115FFF10214C4C9B00FDB8B0 /* CalendarViewModel.swift in Sources */,
				115FFF22214C90A300FDB8B0 /* CalendarViewController.swift in Sources */,
				113D7B58214D6849001FFAD3 /* ActionTableViewCell.swift in Sources */,
				113D7B5D214D7F1A001FFAD3 /* WorkModel+CoreDataClass.swift in Sources */,
				115FFF1D214C637F00FDB8B0 /* Babysitter.xcdatamodeld in Sources */,
				113D7B60214D7F1A001FFAD3 /* WorkModel+CoreDataProperties.swift in Sources */,
				115FFEDF214C47EF00FDB8B0 /* AppDelegate.swift in Sources */,
				113D7B65214D92FD001FFAD3 /* CoreDataAPI.swift in Sources */,
			);
			runOnlyForDeploymentPostprocessing = 0;
		};
		115FFEEB214C47F000FDB8B0 /* Sources */ = {
			isa = PBXSourcesBuildPhase;
			buildActionMask = 2147483647;
			files = (
				115FFF1E214C637F00FDB8B0 /* Babysitter.xcdatamodeld in Sources */,
				115FFEF4214C47F000FDB8B0 /* BabysitterTests.swift in Sources */,
				113D7B61214D7F1A001FFAD3 /* WorkModel+CoreDataProperties.swift in Sources */,
				113D7B5E214D7F1A001FFAD3 /* WorkModel+CoreDataClass.swift in Sources */,
				113D7B55214D497A001FFAD3 /* TimeTableViewCell.swift in Sources */,
				113D7B59214D6849001FFAD3 /* ActionTableViewCell.swift in Sources */,
				113D7B66214D92FD001FFAD3 /* CoreDataAPI.swift in Sources */,
			);
			runOnlyForDeploymentPostprocessing = 0;
		};
		115FFEF6214C47F000FDB8B0 /* Sources */ = {
			isa = PBXSourcesBuildPhase;
			buildActionMask = 2147483647;
			files = (
				115FFF1F214C637F00FDB8B0 /* Babysitter.xcdatamodeld in Sources */,
				115FFEFF214C47F000FDB8B0 /* BabysitterUITests.swift in Sources */,
				113D7B62214D7F1A001FFAD3 /* WorkModel+CoreDataProperties.swift in Sources */,
				113D7B5F214D7F1A001FFAD3 /* WorkModel+CoreDataClass.swift in Sources */,
				113D7B56214D497A001FFAD3 /* TimeTableViewCell.swift in Sources */,
				113D7B5A214D6849001FFAD3 /* ActionTableViewCell.swift in Sources */,
				113D7B67214D92FD001FFAD3 /* CoreDataAPI.swift in Sources */,
			);
			runOnlyForDeploymentPostprocessing = 0;
		};
/* End PBXSourcesBuildPhase section */

/* Begin PBXTargetDependency section */
		115FFEF1214C47F000FDB8B0 /* PBXTargetDependency */ = {
			isa = PBXTargetDependency;
			target = 115FFEDA214C47EF00FDB8B0 /* Babysitter */;
			targetProxy = 115FFEF0214C47F000FDB8B0 /* PBXContainerItemProxy */;
		};
		115FFEFC214C47F000FDB8B0 /* PBXTargetDependency */ = {
			isa = PBXTargetDependency;
			target = 115FFEDA214C47EF00FDB8B0 /* Babysitter */;
			targetProxy = 115FFEFB214C47F000FDB8B0 /* PBXContainerItemProxy */;
		};
/* End PBXTargetDependency section */

/* Begin PBXVariantGroup section */
		115FFEE2214C47EF00FDB8B0 /* Main.storyboard */ = {
			isa = PBXVariantGroup;
			children = (
				115FFEE3214C47EF00FDB8B0 /* Base */,
			);
			name = Main.storyboard;
			sourceTree = "<group>";
		};
		115FFEE7214C47F000FDB8B0 /* LaunchScreen.storyboard */ = {
			isa = PBXVariantGroup;
			children = (
				115FFEE8214C47F000FDB8B0 /* Base */,
			);
			name = LaunchScreen.storyboard;
			sourceTree = "<group>";
		};
/* End PBXVariantGroup section */

/* Begin XCBuildConfiguration section */
		115FFF01214C47F000FDB8B0 /* Debug */ = {
			isa = XCBuildConfiguration;
			buildSettings = {
				ALWAYS_SEARCH_USER_PATHS = NO;
				CLANG_ANALYZER_NONNULL = YES;
				CLANG_ANALYZER_NUMBER_OBJECT_CONVERSION = YES_AGGRESSIVE;
				CLANG_CXX_LANGUAGE_STANDARD = "gnu++14";
				CLANG_CXX_LIBRARY = "libc++";
				CLANG_ENABLE_MODULES = YES;
				CLANG_ENABLE_OBJC_ARC = YES;
				CLANG_ENABLE_OBJC_WEAK = YES;
				CLANG_WARN_BLOCK_CAPTURE_AUTORELEASING = YES;
				CLANG_WARN_BOOL_CONVERSION = YES;
				CLANG_WARN_COMMA = YES;
				CLANG_WARN_CONSTANT_CONVERSION = YES;
				CLANG_WARN_DEPRECATED_OBJC_IMPLEMENTATIONS = YES;
				CLANG_WARN_DIRECT_OBJC_ISA_USAGE = YES_ERROR;
				CLANG_WARN_DOCUMENTATION_COMMENTS = YES;
				CLANG_WARN_EMPTY_BODY = YES;
				CLANG_WARN_ENUM_CONVERSION = YES;
				CLANG_WARN_INFINITE_RECURSION = YES;
				CLANG_WARN_INT_CONVERSION = YES;
				CLANG_WARN_NON_LITERAL_NULL_CONVERSION = YES;
				CLANG_WARN_OBJC_IMPLICIT_RETAIN_SELF = YES;
				CLANG_WARN_OBJC_LITERAL_CONVERSION = YES;
				CLANG_WARN_OBJC_ROOT_CLASS = YES_ERROR;
				CLANG_WARN_RANGE_LOOP_ANALYSIS = YES;
				CLANG_WARN_STRICT_PROTOTYPES = YES;
				CLANG_WARN_SUSPICIOUS_MOVE = YES;
				CLANG_WARN_UNGUARDED_AVAILABILITY = YES_AGGRESSIVE;
				CLANG_WARN_UNREACHABLE_CODE = YES;
				CLANG_WARN__DUPLICATE_METHOD_MATCH = YES;
				CODE_SIGN_IDENTITY = "iPhone Developer";
				COPY_PHASE_STRIP = NO;
				DEBUG_INFORMATION_FORMAT = dwarf;
				ENABLE_STRICT_OBJC_MSGSEND = YES;
				ENABLE_TESTABILITY = YES;
				GCC_C_LANGUAGE_STANDARD = gnu11;
				GCC_DYNAMIC_NO_PIC = NO;
				GCC_NO_COMMON_BLOCKS = YES;
				GCC_OPTIMIZATION_LEVEL = 0;
				GCC_PREPROCESSOR_DEFINITIONS = (
					"DEBUG=1",
					"$(inherited)",
				);
				GCC_WARN_64_TO_32_BIT_CONVERSION = YES;
				GCC_WARN_ABOUT_RETURN_TYPE = YES_ERROR;
				GCC_WARN_UNDECLARED_SELECTOR = YES;
				GCC_WARN_UNINITIALIZED_AUTOS = YES_AGGRESSIVE;
				GCC_WARN_UNUSED_FUNCTION = YES;
				GCC_WARN_UNUSED_VARIABLE = YES;
				IPHONEOS_DEPLOYMENT_TARGET = 11.4;
				MTL_ENABLE_DEBUG_INFO = YES;
				ONLY_ACTIVE_ARCH = YES;
				SDKROOT = iphoneos;
				SWIFT_ACTIVE_COMPILATION_CONDITIONS = DEBUG;
				SWIFT_OPTIMIZATION_LEVEL = "-Onone";
			};
			name = Debug;
		};
		115FFF02214C47F000FDB8B0 /* Release */ = {
			isa = XCBuildConfiguration;
			buildSettings = {
				ALWAYS_SEARCH_USER_PATHS = NO;
				CLANG_ANALYZER_NONNULL = YES;
				CLANG_ANALYZER_NUMBER_OBJECT_CONVERSION = YES_AGGRESSIVE;
				CLANG_CXX_LANGUAGE_STANDARD = "gnu++14";
				CLANG_CXX_LIBRARY = "libc++";
				CLANG_ENABLE_MODULES = YES;
				CLANG_ENABLE_OBJC_ARC = YES;
				CLANG_ENABLE_OBJC_WEAK = YES;
				CLANG_WARN_BLOCK_CAPTURE_AUTORELEASING = YES;
				CLANG_WARN_BOOL_CONVERSION = YES;
				CLANG_WARN_COMMA = YES;
				CLANG_WARN_CONSTANT_CONVERSION = YES;
				CLANG_WARN_DEPRECATED_OBJC_IMPLEMENTATIONS = YES;
				CLANG_WARN_DIRECT_OBJC_ISA_USAGE = YES_ERROR;
				CLANG_WARN_DOCUMENTATION_COMMENTS = YES;
				CLANG_WARN_EMPTY_BODY = YES;
				CLANG_WARN_ENUM_CONVERSION = YES;
				CLANG_WARN_INFINITE_RECURSION = YES;
				CLANG_WARN_INT_CONVERSION = YES;
				CLANG_WARN_NON_LITERAL_NULL_CONVERSION = YES;
				CLANG_WARN_OBJC_IMPLICIT_RETAIN_SELF = YES;
				CLANG_WARN_OBJC_LITERAL_CONVERSION = YES;
				CLANG_WARN_OBJC_ROOT_CLASS = YES_ERROR;
				CLANG_WARN_RANGE_LOOP_ANALYSIS = YES;
				CLANG_WARN_STRICT_PROTOTYPES = YES;
				CLANG_WARN_SUSPICIOUS_MOVE = YES;
				CLANG_WARN_UNGUARDED_AVAILABILITY = YES_AGGRESSIVE;
				CLANG_WARN_UNREACHABLE_CODE = YES;
				CLANG_WARN__DUPLICATE_METHOD_MATCH = YES;
				CODE_SIGN_IDENTITY = "iPhone Developer";
				COPY_PHASE_STRIP = NO;
				DEBUG_INFORMATION_FORMAT = "dwarf-with-dsym";
				ENABLE_NS_ASSERTIONS = NO;
				ENABLE_STRICT_OBJC_MSGSEND = YES;
				GCC_C_LANGUAGE_STANDARD = gnu11;
				GCC_NO_COMMON_BLOCKS = YES;
				GCC_WARN_64_TO_32_BIT_CONVERSION = YES;
				GCC_WARN_ABOUT_RETURN_TYPE = YES_ERROR;
				GCC_WARN_UNDECLARED_SELECTOR = YES;
				GCC_WARN_UNINITIALIZED_AUTOS = YES_AGGRESSIVE;
				GCC_WARN_UNUSED_FUNCTION = YES;
				GCC_WARN_UNUSED_VARIABLE = YES;
				IPHONEOS_DEPLOYMENT_TARGET = 11.4;
				MTL_ENABLE_DEBUG_INFO = NO;
				SDKROOT = iphoneos;
				SWIFT_COMPILATION_MODE = wholemodule;
				SWIFT_OPTIMIZATION_LEVEL = "-O";
				VALIDATE_PRODUCT = YES;
			};
			name = Release;
		};
		115FFF04214C47F000FDB8B0 /* Debug */ = {
			isa = XCBuildConfiguration;
			baseConfigurationReference = 416D6C4140D3B0922734BD0B /* Pods-Babysitter.debug.xcconfig */;
			buildSettings = {
				ASSETCATALOG_COMPILER_APPICON_NAME = AppIcon;
				CODE_SIGN_STYLE = Automatic;
				INFOPLIST_FILE = Babysitter/Info.plist;
				IPHONEOS_DEPLOYMENT_TARGET = 10.3;
				LD_RUNPATH_SEARCH_PATHS = (
					"$(inherited)",
					"@executable_path/Frameworks",
				);
				PRODUCT_BUNDLE_IDENTIFIER = com.jovitoroyeca..Babysitter;
				PRODUCT_NAME = "$(TARGET_NAME)";
				SWIFT_VERSION = 4.0;
				TARGETED_DEVICE_FAMILY = "1,2";
			};
			name = Debug;
		};
		115FFF05214C47F000FDB8B0 /* Release */ = {
			isa = XCBuildConfiguration;
			baseConfigurationReference = 8969E5278A9AD92B3A90C8D1 /* Pods-Babysitter.release.xcconfig */;
			buildSettings = {
				ASSETCATALOG_COMPILER_APPICON_NAME = AppIcon;
				CODE_SIGN_STYLE = Automatic;
				INFOPLIST_FILE = Babysitter/Info.plist;
				IPHONEOS_DEPLOYMENT_TARGET = 10.3;
				LD_RUNPATH_SEARCH_PATHS = (
					"$(inherited)",
					"@executable_path/Frameworks",
				);
				PRODUCT_BUNDLE_IDENTIFIER = com.jovitoroyeca..Babysitter;
				PRODUCT_NAME = "$(TARGET_NAME)";
				SWIFT_VERSION = 4.0;
				TARGETED_DEVICE_FAMILY = "1,2";
			};
			name = Release;
		};
		115FFF07214C47F000FDB8B0 /* Debug */ = {
			isa = XCBuildConfiguration;
			baseConfigurationReference = DE11DB511F04C567F65338A7 /* Pods-BabysitterTests.debug.xcconfig */;
			buildSettings = {
				ALWAYS_EMBED_SWIFT_STANDARD_LIBRARIES = YES;
				BUNDLE_LOADER = "$(TEST_HOST)";
				CODE_SIGN_STYLE = Automatic;
				INFOPLIST_FILE = BabysitterTests/Info.plist;
				LD_RUNPATH_SEARCH_PATHS = (
					"$(inherited)",
					"@executable_path/Frameworks",
					"@loader_path/Frameworks",
				);
				PRODUCT_BUNDLE_IDENTIFIER = com.jovitoroyeca..BabysitterTests;
				PRODUCT_NAME = "$(TARGET_NAME)";
				SWIFT_VERSION = 4.0;
				TARGETED_DEVICE_FAMILY = "1,2";
				TEST_HOST = "$(BUILT_PRODUCTS_DIR)/Babysitter.app/Babysitter";
			};
			name = Debug;
		};
		115FFF08214C47F000FDB8B0 /* Release */ = {
			isa = XCBuildConfiguration;
			baseConfigurationReference = 6870A3EB851073A6D53E9BBB /* Pods-BabysitterTests.release.xcconfig */;
			buildSettings = {
				ALWAYS_EMBED_SWIFT_STANDARD_LIBRARIES = YES;
				BUNDLE_LOADER = "$(TEST_HOST)";
				CODE_SIGN_STYLE = Automatic;
				INFOPLIST_FILE = BabysitterTests/Info.plist;
				LD_RUNPATH_SEARCH_PATHS = (
					"$(inherited)",
					"@executable_path/Frameworks",
					"@loader_path/Frameworks",
				);
				PRODUCT_BUNDLE_IDENTIFIER = com.jovitoroyeca..BabysitterTests;
				PRODUCT_NAME = "$(TARGET_NAME)";
				SWIFT_VERSION = 4.0;
				TARGETED_DEVICE_FAMILY = "1,2";
				TEST_HOST = "$(BUILT_PRODUCTS_DIR)/Babysitter.app/Babysitter";
			};
			name = Release;
		};
		115FFF0A214C47F000FDB8B0 /* Debug */ = {
			isa = XCBuildConfiguration;
			baseConfigurationReference = 34FE6BEBE1FDB77C250957A9 /* Pods-BabysitterUITests.debug.xcconfig */;
			buildSettings = {
				ALWAYS_EMBED_SWIFT_STANDARD_LIBRARIES = YES;
				CODE_SIGN_STYLE = Automatic;
				INFOPLIST_FILE = BabysitterUITests/Info.plist;
				LD_RUNPATH_SEARCH_PATHS = (
					"$(inherited)",
					"@executable_path/Frameworks",
					"@loader_path/Frameworks",
				);
				PRODUCT_BUNDLE_IDENTIFIER = com.jovitoroyeca..BabysitterUITests;
				PRODUCT_NAME = "$(TARGET_NAME)";
				SWIFT_VERSION = 4.0;
				TARGETED_DEVICE_FAMILY = "1,2";
				TEST_TARGET_NAME = Babysitter;
			};
			name = Debug;
		};
		115FFF0B214C47F000FDB8B0 /* Release */ = {
			isa = XCBuildConfiguration;
			baseConfigurationReference = 5A02FA3BB30C9A082D4A0202 /* Pods-BabysitterUITests.release.xcconfig */;
			buildSettings = {
				ALWAYS_EMBED_SWIFT_STANDARD_LIBRARIES = YES;
				CODE_SIGN_STYLE = Automatic;
				INFOPLIST_FILE = BabysitterUITests/Info.plist;
				LD_RUNPATH_SEARCH_PATHS = (
					"$(inherited)",
					"@executable_path/Frameworks",
					"@loader_path/Frameworks",
				);
				PRODUCT_BUNDLE_IDENTIFIER = com.jovitoroyeca..BabysitterUITests;
				PRODUCT_NAME = "$(TARGET_NAME)";
				SWIFT_VERSION = 4.0;
				TARGETED_DEVICE_FAMILY = "1,2";
				TEST_TARGET_NAME = Babysitter;
			};
			name = Release;
		};
/* End XCBuildConfiguration section */

/* Begin XCConfigurationList section */
		115FFED6214C47EF00FDB8B0 /* Build configuration list for PBXProject "Babysitter" */ = {
			isa = XCConfigurationList;
			buildConfigurations = (
				115FFF01214C47F000FDB8B0 /* Debug */,
				115FFF02214C47F000FDB8B0 /* Release */,
			);
			defaultConfigurationIsVisible = 0;
			defaultConfigurationName = Release;
		};
		115FFF03214C47F000FDB8B0 /* Build configuration list for PBXNativeTarget "Babysitter" */ = {
			isa = XCConfigurationList;
			buildConfigurations = (
				115FFF04214C47F000FDB8B0 /* Debug */,
				115FFF05214C47F000FDB8B0 /* Release */,
			);
			defaultConfigurationIsVisible = 0;
			defaultConfigurationName = Release;
		};
		115FFF06214C47F000FDB8B0 /* Build configuration list for PBXNativeTarget "BabysitterTests" */ = {
			isa = XCConfigurationList;
			buildConfigurations = (
				115FFF07214C47F000FDB8B0 /* Debug */,
				115FFF08214C47F000FDB8B0 /* Release */,
			);
			defaultConfigurationIsVisible = 0;
			defaultConfigurationName = Release;
		};
		115FFF09214C47F000FDB8B0 /* Build configuration list for PBXNativeTarget "BabysitterUITests" */ = {
			isa = XCConfigurationList;
			buildConfigurations = (
				115FFF0A214C47F000FDB8B0 /* Debug */,
				115FFF0B214C47F000FDB8B0 /* Release */,
			);
			defaultConfigurationIsVisible = 0;
			defaultConfigurationName = Release;
		};
/* End XCConfigurationList section */

/* Begin XCVersionGroup section */
		115FFF1B214C637F00FDB8B0 /* Babysitter.xcdatamodeld */ = {
			isa = XCVersionGroup;
			children = (
				115FFF1C214C637F00FDB8B0 /* Babysitter.xcdatamodel */,
			);
			currentVersion = 115FFF1C214C637F00FDB8B0 /* Babysitter.xcdatamodel */;
			path = Babysitter.xcdatamodeld;
			sourceTree = "<group>";
			versionGroupType = wrapper.xcdatamodel;
		};
/* End XCVersionGroup section */
	};
	rootObject = 115FFED3214C47EF00FDB8B0 /* Project object */;
}
